
Microsoft Visual Studio Solution File, Format Version 12.00
# Visual Studio Version 17
VisualStudioVersion = 17.1.32414.318
MinimumVisualStudioVersion = 10.0.40219.1
Project("{FAE04EC0-301F-11D3-BF4B-00C04F79EFBC}") = "FileIoDemo", "FileIoDemo\FileIoDemo.csproj", "{D9FCDE31-1849-47B5-B22F-1FFBEF73A79E}"
EndProject
Project("{FAE04EC0-301F-11D3-BF4B-00C04F79EFBC}") = "SerializationDemo", "SerializationDemo\SerializationDemo.csproj", "{CD5907A4-6CA9-4C24-A8AB-DC7BE53A635A}"
EndProject
Global
	GlobalSection(SolutionConfigurationPlatforms) = preSolution
		Debug|Any CPU = Debug|Any CPU
		Release|Any CPU = Release|Any CPU
	EndGlobalSection
	GlobalSection(ProjectConfigurationPlatforms) = postSolution
		{D9FCDE31-1849-47B5-B22F-1FFBEF73A79E}.Debug|Any CPU.ActiveCfg = Debug|Any CPU
		{D9FCDE31-1849-47B5-B22F-1FFBEF73A79E}.Debug|Any CPU.Build.0 = Debug|Any CPU
		{D9FCDE31-1849-47B5-B22F-1FFBEF73A79E}.Release|Any CPU.ActiveCfg = Release|Any CPU
		{D9FCDE31-1849-47B5-B22F-1FFBEF73A79E}.Release|Any CPU.Build.0 = Release|Any CPU
		{CD5907A4-6CA9-4C24-A8AB-DC7BE53A635A}.Debug|Any CPU.ActiveCfg = Debug|Any CPU
		{CD5907A4-6CA9-4C24-A8AB-DC7BE53A635A}.Debug|Any CPU.Build.0 = Debug|Any CPU
		{CD5907A4-6CA9-4C24-A8AB-DC7BE53A635A}.Release|Any CPU.ActiveCfg = Release|Any CPU
		{CD5907A4-6CA9-4C24-A8AB-DC7BE53A635A}.Release|Any CPU.Build.0 = Release|Any CPU
	EndGlobalSection
	GlobalSection(SolutionProperties) = preSolution
		HideSolutionNode = FALSE
	EndGlobalSection
	GlobalSection(ExtensibilityGlobals) = postSolution
		SolutionGuid = {33F3C01D-9E28-4F3B-87E1-5BCDFFFFE612}
	EndGlobalSection
EndGlobal
